
Microsoft Visual Studio Solution File, Format Version 12.00
# Visual Studio 15
VisualStudioVersion = 15.0.27428.1
MinimumVisualStudioVersion = 10.0.40219.1
Project("{FAE04EC0-301F-11D3-BF4B-00C04F79EFBC}") = "Domain", "Domain\Domain.csproj", "{35E7FC2E-E504-4127-933D-5C5F8F71FA5B}"
EndProject
Global
	GlobalSection(SolutionConfigurationPlatforms) = preSolution
		Debug|Any CPU = Debug|Any CPU
		Release|Any CPU = Release|Any CPU
	EndGlobalSection
	GlobalSection(ProjectConfigurationPlatforms) = postSolution
		{35E7FC2E-E504-4127-933D-5C5F8F71FA5B}.Debug|Any CPU.ActiveCfg = Debug|Any CPU
		{35E7FC2E-E504-4127-933D-5C5F8F71FA5B}.Debug|Any CPU.Build.0 = Debug|Any CPU
		{35E7FC2E-E504-4127-933D-5C5F8F71FA5B}.Release|Any CPU.ActiveCfg = Release|Any CPU
		{35E7FC2E-E504-4127-933D-5C5F8F71FA5B}.Release|Any CPU.Build.0 = Release|Any CPU
	EndGlobalSection
	GlobalSection(SolutionProperties) = preSolution
		HideSolutionNode = FALSE
	EndGlobalSection
	GlobalSection(ExtensibilityGlobals) = postSolution
		SolutionGuid = {C0EA453C-51D0-4345-949E-B89AAF6C9F79}
	EndGlobalSection
EndGlobal
